
Microsoft Visual Studio Solution File, Format Version 12.00
# Visual Studio Version 17
VisualStudioVersion = 17.4.33213.308
MinimumVisualStudioVersion = 10.0.40219.1
Project("{FAE04EC0-301F-11D3-BF4B-00C04F79EFBC}") = "kalkuliatorius", "kalkuliatorius\kalkuliatorius.csproj", "{F209D94B-A3E1-4AE9-AB89-2FE5E5330DED}"
EndProject
Global
	GlobalSection(SolutionConfigurationPlatforms) = preSolution
		Debug|Any CPU = Debug|Any CPU
		Release|Any CPU = Release|Any CPU
	EndGlobalSection
	GlobalSection(ProjectConfigurationPlatforms) = postSolution
		{F209D94B-A3E1-4AE9-AB89-2FE5E5330DED}.Debug|Any CPU.ActiveCfg = Debug|Any CPU
		{F209D94B-A3E1-4AE9-AB89-2FE5E5330DED}.Debug|Any CPU.Build.0 = Debug|Any CPU
		{F209D94B-A3E1-4AE9-AB89-2FE5E5330DED}.Release|Any CPU.ActiveCfg = Release|Any CPU
		{F209D94B-A3E1-4AE9-AB89-2FE5E5330DED}.Release|Any CPU.Build.0 = Release|Any CPU
	EndGlobalSection
	GlobalSection(SolutionProperties) = preSolution
		HideSolutionNode = FALSE
	EndGlobalSection
	GlobalSection(ExtensibilityGlobals) = postSolution
		SolutionGuid = {9504C21C-5460-4D1E-A97C-D040CF718BBA}
	EndGlobalSection
EndGlobal
